
Microsoft Visual Studio Solution File, Format Version 12.00
# Visual Studio Version 17
VisualStudioVersion = 17.3.32929.385
MinimumVisualStudioVersion = 10.0.40219.1
Project("{9A19103F-16F7-4668-BE54-9A1E7A4F7556}") = "BlogApp.API", "BlogApp.API\BlogApp.API.csproj", "{61AC0E95-6C83-4BFD-91E4-AF213A785151}"
EndProject
Project("{9A19103F-16F7-4668-BE54-9A1E7A4F7556}") = "BlogApp.Application", "BlogApp.Application\BlogApp.Application.csproj", "{DDE4CC0F-A954-40C4-B555-715F09F7D778}"
EndProject
Project("{9A19103F-16F7-4668-BE54-9A1E7A4F7556}") = "BlogApp.Domain", "BlogApp.Domain\BlogApp.Domain.csproj", "{8BFEF621-C5AD-44CC-AEF1-39AB6EFED17D}"
EndProject
Project("{9A19103F-16F7-4668-BE54-9A1E7A4F7556}") = "BlogApp.Infrastructure", "BlogApp.Infrastructure\BlogApp.Infrastructure.csproj", "{D5BE4C11-15EA-4207-8BA2-FD44BD779271}"
EndProject
Project("{9A19103F-16F7-4668-BE54-9A1E7A4F7556}") = "BlogApp.Persistence", "BlogApp.Persistence\BlogApp.Persistence.csproj", "{07A498F8-A6DB-4673-9FCD-D09777480C26}"
EndProject
Project("{9A19103F-16F7-4668-BE54-9A1E7A4F7556}") = "BlogApp.Common", "BlogApp.Common\BlogApp.Common.csproj", "{E527B5C0-8555-4C5B-BE25-2C56E9FB82AA}"
EndProject
Project("{9A19103F-16F7-4668-BE54-9A1E7A4F7556}") = "BlogApp.UI", "BlogApp.UI\BlogApp.UI.csproj", "{7F3E4998-1B8F-4BE5-B20F-20977C5164C7}"
EndProject
Project("{FAE04EC0-301F-11D3-BF4B-00C04F79EFBC}") = "BlogApp.IndividualUI", "BlogApp.IndividualUI\BlogApp.IndividualUI.csproj", "{AE297C68-C1BC-4FE4-A0D9-6DCABCADD82B}"
EndProject
Global
	GlobalSection(SolutionConfigurationPlatforms) = preSolution
		Debug|Any CPU = Debug|Any CPU
		Release|Any CPU = Release|Any CPU
	EndGlobalSection
	GlobalSection(ProjectConfigurationPlatforms) = postSolution
		{61AC0E95-6C83-4BFD-91E4-AF213A785151}.Debug|Any CPU.ActiveCfg = Debug|Any CPU
		{61AC0E95-6C83-4BFD-91E4-AF213A785151}.Debug|Any CPU.Build.0 = Debug|Any CPU
		{61AC0E95-6C83-4BFD-91E4-AF213A785151}.Release|Any CPU.ActiveCfg = Release|Any CPU
		{61AC0E95-6C83-4BFD-91E4-AF213A785151}.Release|Any CPU.Build.0 = Release|Any CPU
		{DDE4CC0F-A954-40C4-B555-715F09F7D778}.Debug|Any CPU.ActiveCfg = Debug|Any CPU
		{DDE4CC0F-A954-40C4-B555-715F09F7D778}.Debug|Any CPU.Build.0 = Debug|Any CPU
		{DDE4CC0F-A954-40C4-B555-715F09F7D778}.Release|Any CPU.ActiveCfg = Release|Any CPU
		{DDE4CC0F-A954-40C4-B555-715F09F7D778}.Release|Any CPU.Build.0 = Release|Any CPU
		{8BFEF621-C5AD-44CC-AEF1-39AB6EFED17D}.Debug|Any CPU.ActiveCfg = Debug|Any CPU
		{8BFEF621-C5AD-44CC-AEF1-39AB6EFED17D}.Debug|Any CPU.Build.0 = Debug|Any CPU
		{8BFEF621-C5AD-44CC-AEF1-39AB6EFED17D}.Release|Any CPU.ActiveCfg = Release|Any CPU
		{8BFEF621-C5AD-44CC-AEF1-39AB6EFED17D}.Release|Any CPU.Build.0 = Release|Any CPU
		{D5BE4C11-15EA-4207-8BA2-FD44BD779271}.Debug|Any CPU.ActiveCfg = Debug|Any CPU
		{D5BE4C11-15EA-4207-8BA2-FD44BD779271}.Debug|Any CPU.Build.0 = Debug|Any CPU
		{D5BE4C11-15EA-4207-8BA2-FD44BD779271}.Release|Any CPU.ActiveCfg = Release|Any CPU
		{D5BE4C11-15EA-4207-8BA2-FD44BD779271}.Release|Any CPU.Build.0 = Release|Any CPU
		{07A498F8-A6DB-4673-9FCD-D09777480C26}.Debug|Any CPU.ActiveCfg = Debug|Any CPU
		{07A498F8-A6DB-4673-9FCD-D09777480C26}.Debug|Any CPU.Build.0 = Debug|Any CPU
		{07A498F8-A6DB-4673-9FCD-D09777480C26}.Release|Any CPU.ActiveCfg = Release|Any CPU
		{07A498F8-A6DB-4673-9FCD-D09777480C26}.Release|Any CPU.Build.0 = Release|Any CPU
		{E527B5C0-8555-4C5B-BE25-2C56E9FB82AA}.Debug|Any CPU.ActiveCfg = Debug|Any CPU
		{E527B5C0-8555-4C5B-BE25-2C56E9FB82AA}.Debug|Any CPU.Build.0 = Debug|Any CPU
		{E527B5C0-8555-4C5B-BE25-2C56E9FB82AA}.Release|Any CPU.ActiveCfg = Release|Any CPU
		{E527B5C0-8555-4C5B-BE25-2C56E9FB82AA}.Release|Any CPU.Build.0 = Release|Any CPU
		{7F3E4998-1B8F-4BE5-B20F-20977C5164C7}.Debug|Any CPU.ActiveCfg = Debug|Any CPU
		{7F3E4998-1B8F-4BE5-B20F-20977C5164C7}.Debug|Any CPU.Build.0 = Debug|Any CPU
		{7F3E4998-1B8F-4BE5-B20F-20977C5164C7}.Release|Any CPU.ActiveCfg = Release|Any CPU
		{7F3E4998-1B8F-4BE5-B20F-20977C5164C7}.Release|Any CPU.Build.0 = Release|Any CPU
		{AE297C68-C1BC-4FE4-A0D9-6DCABCADD82B}.Debug|Any CPU.ActiveCfg = Debug|Any CPU
		{AE297C68-C1BC-4FE4-A0D9-6DCABCADD82B}.Debug|Any CPU.Build.0 = Debug|Any CPU
		{AE297C68-C1BC-4FE4-A0D9-6DCABCADD82B}.Release|Any CPU.ActiveCfg = Release|Any CPU
		{AE297C68-C1BC-4FE4-A0D9-6DCABCADD82B}.Release|Any CPU.Build.0 = Release|Any CPU
	EndGlobalSection
	GlobalSection(SolutionProperties) = preSolution
		HideSolutionNode = FALSE
	EndGlobalSection
	GlobalSection(ExtensibilityGlobals) = postSolution
		SolutionGuid = {83DCE793-C1D7-4501-9ECC-B56284631729}
	EndGlobalSection
EndGlobal
